
Microsoft Visual Studio Solution File, Format Version 12.00
# Visual Studio Version 17
VisualStudioVersion = 17.7.34031.279
MinimumVisualStudioVersion = 10.0.40219.1
Project("{FAE04EC0-301F-11D3-BF4B-00C04F79EFBC}") = "CircleArea", "CircleArea.csproj", "{0EA118EB-5CC9-4B5E-B85B-D485F0F1CDDF}"
EndProject
Global
	GlobalSection(SolutionConfigurationPlatforms) = preSolution
		Debug|Any CPU = Debug|Any CPU
		Release|Any CPU = Release|Any CPU
	EndGlobalSection
	GlobalSection(ProjectConfigurationPlatforms) = postSolution
		{0EA118EB-5CC9-4B5E-B85B-D485F0F1CDDF}.Debug|Any CPU.ActiveCfg = Debug|Any CPU
		{0EA118EB-5CC9-4B5E-B85B-D485F0F1CDDF}.Debug|Any CPU.Build.0 = Debug|Any CPU
		{0EA118EB-5CC9-4B5E-B85B-D485F0F1CDDF}.Release|Any CPU.ActiveCfg = Release|Any CPU
		{0EA118EB-5CC9-4B5E-B85B-D485F0F1CDDF}.Release|Any CPU.Build.0 = Release|Any CPU
	EndGlobalSection
	GlobalSection(SolutionProperties) = preSolution
		HideSolutionNode = FALSE
	EndGlobalSection
	GlobalSection(ExtensibilityGlobals) = postSolution
		SolutionGuid = {C0F4333E-648F-48BB-B9F9-F0B95953483C}
	EndGlobalSection
EndGlobal
